
Microsoft Visual Studio Solution File, Format Version 12.00
# Visual Studio Version 17
VisualStudioVersion = 17.0.32126.317
MinimumVisualStudioVersion = 10.0.40219.1
Project("{FAE04EC0-301F-11D3-BF4B-00C04F79EFBC}") = "OtherExtensions", "OtherExtensions.csproj", "{30ECCB69-275B-406D-9CC2-99E0B7673E47}"
EndProject
Global
	GlobalSection(SolutionConfigurationPlatforms) = preSolution
		Debug|Any CPU = Debug|Any CPU
		Release|Any CPU = Release|Any CPU
	EndGlobalSection
	GlobalSection(ProjectConfigurationPlatforms) = postSolution
		{30ECCB69-275B-406D-9CC2-99E0B7673E47}.Debug|Any CPU.ActiveCfg = Debug|Any CPU
		{30ECCB69-275B-406D-9CC2-99E0B7673E47}.Debug|Any CPU.Build.0 = Debug|Any CPU
		{30ECCB69-275B-406D-9CC2-99E0B7673E47}.Release|Any CPU.ActiveCfg = Release|Any CPU
		{30ECCB69-275B-406D-9CC2-99E0B7673E47}.Release|Any CPU.Build.0 = Release|Any CPU
	EndGlobalSection
	GlobalSection(SolutionProperties) = preSolution
		HideSolutionNode = FALSE
	EndGlobalSection
	GlobalSection(ExtensibilityGlobals) = postSolution
		SolutionGuid = {BA187D84-C6BC-4ACF-982F-F9267D7A97DF}
	EndGlobalSection
EndGlobal
